
Microsoft Visual Studio Solution File, Format Version 12.00
# Visual Studio Version 17
VisualStudioVersion = 17.14.36930.0
MinimumVisualStudioVersion = 10.0.40219.1
Project("{FAE04EC0-301F-11D3-BF4B-00C04F79EFBC}") = "app_qlKhachSan.DTO", "app_qlKhachSan.DTO\app_qlKhachSan.DTO.csproj", "{221B24C7-4B90-4F2F-9B56-46E0801DE8AE}"
EndProject
Project("{FAE04EC0-301F-11D3-BF4B-00C04F79EFBC}") = "app_qlKhachSan.DAL", "app_qlKhachSan.DAL\app_qlKhachSan.DAL.csproj", "{85A701BA-DE3A-4006-8E27-CA6E3D2D94A0}"
EndProject
Project("{FAE04EC0-301F-11D3-BF4B-00C04F79EFBC}") = "app_qlKhachSan.BUS", "app_hotel.bus\app_qlKhachSan.BUS.csproj", "{3BDA6BCB-8FAA-4695-A55A-00067FAEFCEE}"
EndProject
Project("{FAE04EC0-301F-11D3-BF4B-00C04F79EFBC}") = "app_qlKhachSan.GUI", "app_qlKhachSan.GUI\app_qlKhachSan.GUI.csproj", "{085BBF09-6ADD-426E-A17F-99BCB9281DF1}"
EndProject
Global
	GlobalSection(SolutionConfigurationPlatforms) = preSolution
		Debug|Any CPU = Debug|Any CPU
		Release|Any CPU = Release|Any CPU
	EndGlobalSection
	GlobalSection(ProjectConfigurationPlatforms) = postSolution
		{221B24C7-4B90-4F2F-9B56-46E0801DE8AE}.Debug|Any CPU.ActiveCfg = Debug|Any CPU
		{221B24C7-4B90-4F2F-9B56-46E0801DE8AE}.Debug|Any CPU.Build.0 = Debug|Any CPU
		{221B24C7-4B90-4F2F-9B56-46E0801DE8AE}.Release|Any CPU.ActiveCfg = Release|Any CPU
		{221B24C7-4B90-4F2F-9B56-46E0801DE8AE}.Release|Any CPU.Build.0 = Release|Any CPU
		{85A701BA-DE3A-4006-8E27-CA6E3D2D94A0}.Debug|Any CPU.ActiveCfg = Debug|Any CPU
		{85A701BA-DE3A-4006-8E27-CA6E3D2D94A0}.Debug|Any CPU.Build.0 = Debug|Any CPU
		{85A701BA-DE3A-4006-8E27-CA6E3D2D94A0}.Release|Any CPU.ActiveCfg = Release|Any CPU
		{85A701BA-DE3A-4006-8E27-CA6E3D2D94A0}.Release|Any CPU.Build.0 = Release|Any CPU
		{3BDA6BCB-8FAA-4695-A55A-00067FAEFCEE}.Debug|Any CPU.ActiveCfg = Debug|Any CPU
		{3BDA6BCB-8FAA-4695-A55A-00067FAEFCEE}.Debug|Any CPU.Build.0 = Debug|Any CPU
		{3BDA6BCB-8FAA-4695-A55A-00067FAEFCEE}.Release|Any CPU.ActiveCfg = Release|Any CPU
		{3BDA6BCB-8FAA-4695-A55A-00067FAEFCEE}.Release|Any CPU.Build.0 = Release|Any CPU
		{085BBF09-6ADD-426E-A17F-99BCB9281DF1}.Debug|Any CPU.ActiveCfg = Debug|Any CPU
		{085BBF09-6ADD-426E-A17F-99BCB9281DF1}.Debug|Any CPU.Build.0 = Debug|Any CPU
		{085BBF09-6ADD-426E-A17F-99BCB9281DF1}.Release|Any CPU.ActiveCfg = Release|Any CPU
		{085BBF09-6ADD-426E-A17F-99BCB9281DF1}.Release|Any CPU.Build.0 = Release|Any CPU
	EndGlobalSection
	GlobalSection(SolutionProperties) = preSolution
		HideSolutionNode = FALSE
	EndGlobalSection
	GlobalSection(ExtensibilityGlobals) = postSolution
		SolutionGuid = {8105D895-7E35-4BFB-AEF7-78410F28B8B5}
	EndGlobalSection
EndGlobal
